
Microsoft Visual Studio Solution File, Format Version 12.00
# Visual Studio Version 17
VisualStudioVersion = 17.10.35013.160
MinimumVisualStudioVersion = 10.0.40219.1
Project("{FAE04EC0-301F-11D3-BF4B-00C04F79EFBC}") = "StocksAppProject", "StocksAppProject\StocksAppProject.csproj", "{A7231887-C578-487C-97B3-3132B7E13BF6}"
EndProject
Project("{FAE04EC0-301F-11D3-BF4B-00C04F79EFBC}") = "Entities", "Entities\Entities.csproj", "{9209E1A3-6082-4BA2-9459-074664E3F195}"
EndProject
Project("{FAE04EC0-301F-11D3-BF4B-00C04F79EFBC}") = "Services", "Services\Services.csproj", "{F51509B4-4793-41D6-8065-434D32294B4B}"
EndProject
Project("{FAE04EC0-301F-11D3-BF4B-00C04F79EFBC}") = "ServiceContracts", "ServiceContracts\ServiceContracts.csproj", "{697A002B-A8C3-4082-B07E-1114F181AD09}"
EndProject
Project("{FAE04EC0-301F-11D3-BF4B-00C04F79EFBC}") = "Tests", "Tests\Tests.csproj", "{21C2B092-EA1B-4E93-9350-4C47ACD42DEF}"
EndProject
Global
	GlobalSection(SolutionConfigurationPlatforms) = preSolution
		Debug|Any CPU = Debug|Any CPU
		Release|Any CPU = Release|Any CPU
	EndGlobalSection
	GlobalSection(ProjectConfigurationPlatforms) = postSolution
		{A7231887-C578-487C-97B3-3132B7E13BF6}.Debug|Any CPU.ActiveCfg = Debug|Any CPU
		{A7231887-C578-487C-97B3-3132B7E13BF6}.Debug|Any CPU.Build.0 = Debug|Any CPU
		{A7231887-C578-487C-97B3-3132B7E13BF6}.Release|Any CPU.ActiveCfg = Release|Any CPU
		{A7231887-C578-487C-97B3-3132B7E13BF6}.Release|Any CPU.Build.0 = Release|Any CPU
		{9209E1A3-6082-4BA2-9459-074664E3F195}.Debug|Any CPU.ActiveCfg = Debug|Any CPU
		{9209E1A3-6082-4BA2-9459-074664E3F195}.Debug|Any CPU.Build.0 = Debug|Any CPU
		{9209E1A3-6082-4BA2-9459-074664E3F195}.Release|Any CPU.ActiveCfg = Release|Any CPU
		{9209E1A3-6082-4BA2-9459-074664E3F195}.Release|Any CPU.Build.0 = Release|Any CPU
		{F51509B4-4793-41D6-8065-434D32294B4B}.Debug|Any CPU.ActiveCfg = Debug|Any CPU
		{F51509B4-4793-41D6-8065-434D32294B4B}.Debug|Any CPU.Build.0 = Debug|Any CPU
		{F51509B4-4793-41D6-8065-434D32294B4B}.Release|Any CPU.ActiveCfg = Release|Any CPU
		{F51509B4-4793-41D6-8065-434D32294B4B}.Release|Any CPU.Build.0 = Release|Any CPU
		{697A002B-A8C3-4082-B07E-1114F181AD09}.Debug|Any CPU.ActiveCfg = Debug|Any CPU
		{697A002B-A8C3-4082-B07E-1114F181AD09}.Debug|Any CPU.Build.0 = Debug|Any CPU
		{697A002B-A8C3-4082-B07E-1114F181AD09}.Release|Any CPU.ActiveCfg = Release|Any CPU
		{697A002B-A8C3-4082-B07E-1114F181AD09}.Release|Any CPU.Build.0 = Release|Any CPU
		{21C2B092-EA1B-4E93-9350-4C47ACD42DEF}.Debug|Any CPU.ActiveCfg = Debug|Any CPU
		{21C2B092-EA1B-4E93-9350-4C47ACD42DEF}.Debug|Any CPU.Build.0 = Debug|Any CPU
		{21C2B092-EA1B-4E93-9350-4C47ACD42DEF}.Release|Any CPU.ActiveCfg = Release|Any CPU
		{21C2B092-EA1B-4E93-9350-4C47ACD42DEF}.Release|Any CPU.Build.0 = Release|Any CPU
	EndGlobalSection
	GlobalSection(SolutionProperties) = preSolution
		HideSolutionNode = FALSE
	EndGlobalSection
	GlobalSection(ExtensibilityGlobals) = postSolution
		SolutionGuid = {FF984CC3-4634-475F-982D-F29A3F007100}
	EndGlobalSection
EndGlobal
